// !$*UTF8*$!
{
	archiveVersion = 1;
	classes = {
	};
	objectVersion = 46;
	objects = {

/* Begin PBXBuildFile section */
		220519C51EF6B25900090A48 /* main.m in Sources */ = {isa = PBXBuildFile; fileRef = 220519C41EF6B25900090A48 /* main.m */; };
		220519C81EF6B25900090A48 /* AppDelegate.m in Sources */ = {isa = PBXBuildFile; fileRef = 220519C71EF6B25900090A48 /* AppDelegate.m */; };
		220519CB1EF6B25900090A48 /* ViewController.m in Sources */ = {isa = PBXBuildFile; fileRef = 220519CA1EF6B25900090A48 /* ViewController.m */; };
		220519CE1EF6B25900090A48 /* Main.storyboard in Resources */ = {isa = PBXBuildFile; fileRef = 220519CC1EF6B25900090A48 /* Main.storyboard */; };
		220519D01EF6B25900090A48 /* Assets.xcassets in Resources */ = {isa = PBXBuildFile; fileRef = 220519CF1EF6B25900090A48 /* Assets.xcassets */; };
		220519D31EF6B25900090A48 /* LaunchScreen.storyboard in Resources */ = {isa = PBXBuildFile; fileRef = 220519D11EF6B25900090A48 /* LaunchScreen.storyboard */; };
		220519DE1EF6B25900090A48 /* ZSPhotoShowTests.m in Sources */ = {isa = PBXBuildFile; fileRef = 220519DD1EF6B25900090A48 /* ZSPhotoShowTests.m */; };
		220519E91EF6B25900090A48 /* ZSPhotoShowUITests.m in Sources */ = {isa = PBXBuildFile; fileRef = 220519E81EF6B25900090A48 /* ZSPhotoShowUITests.m */; };
/* End PBXBuildFile section */

/* Begin PBXContainerItemProxy section */
		220519DA1EF6B25900090A48 /* PBXContainerItemProxy */ = {
			isa = PBXContainerItemProxy;
			containerPortal = 220519B81EF6B25800090A48 /* Project object */;
			proxyType = 1;
			remoteGlobalIDString = 220519BF1EF6B25800090A48;
			remoteInfo = ZSPhotoShow;
		};
		220519E51EF6B25900090A48 /* PBXContainerItemProxy */ = {
			isa = PBXContainerItemProxy;
			containerPortal = 220519B81EF6B25800090A48 /* Project object */;
			proxyType = 1;
			remoteGlobalIDString = 220519BF1EF6B25800090A48;
			remoteInfo = ZSPhotoShow;
		};
/* End PBXContainerItemProxy section */

/* Begin PBXFileReference section */
		220519C01EF6B25900090A48 /* ZSPhotoShow.app */ = {isa = PBXFileReference; explicitFileType = wrapper.application; includeInIndex = 0; path = ZSPhotoShow.app; sourceTree = BUILT_PRODUCTS_DIR; };
		220519C41EF6B25900090A48 /* main.m */ = {isa = PBXFileReference; lastKnownFileType = sourcecode.c.objc; path = main.m; sourceTree = "<group>"; };
		220519C61EF6B25900090A48 /* AppDelegate.h */ = {isa = PBXFileReference; lastKnownFileType = sourcecode.c.h; path = AppDelegate.h; sourceTree = "<group>"; };
		220519C71EF6B25900090A48 /* AppDelegate.m */ = {isa = PBXFileReference; lastKnownFileType = sourcecode.c.objc; path = AppDelegate.m; sourceTree = "<group>"; };
		220519C91EF6B25900090A48 /* ViewController.h */ = {isa = PBXFileReference; lastKnownFileType = sourcecode.c.h; path = ViewController.h; sourceTree = "<group>"; };
		220519CA1EF6B25900090A48 /* ViewController.m */ = {isa = PBXFileReference; lastKnownFileType = sourcecode.c.objc; path = ViewController.m; sourceTree = "<group>"; };
		220519CD1EF6B25900090A48 /* Base */ = {isa = PBXFileReference; lastKnownFileType = file.storyboard; name = Base; path = Base.lproj/Main.storyboard; sourceTree = "<group>"; };
		220519CF1EF6B25900090A48 /* Assets.xcassets */ = {isa = PBXFileReference; lastKnownFileType = folder.assetcatalog; path = Assets.xcassets; sourceTree = "<group>"; };
		220519D21EF6B25900090A48 /* Base */ = {isa = PBXFileReference; lastKnownFileType = file.storyboard; name = Base; path = Base.lproj/LaunchScreen.storyboard; sourceTree = "<group>"; };
		220519D41EF6B25900090A48 /* Info.plist */ = {isa = PBXFileReference; lastKnownFileType = text.plist.xml; path = Info.plist; sourceTree = "<group>"; };
		220519D91EF6B25900090A48 /* ZSPhotoShowTests.xctest */ = {isa = PBXFileReference; explicitFileType = wrapper.cfbundle; includeInIndex = 0; path = ZSPhotoShowTests.xctest; sourceTree = BUILT_PRODUCTS_DIR; };
		220519DD1EF6B25900090A48 /* ZSPhotoShowTests.m */ = {isa = PBXFileReference; lastKnownFileType = sourcecode.c.objc; path = ZSPhotoShowTests.m; sourceTree = "<group>"; };
		220519DF1EF6B25900090A48 /* Info.plist */ = {isa = PBXFileReference; lastKnownFileType = text.plist.xml; path = Info.plist; sourceTree = "<group>"; };
		220519E41EF6B25900090A48 /* ZSPhotoShowUITests.xctest */ = {isa = PBXFileReference; explicitFileType = wrapper.cfbundle; includeInIndex = 0; path = ZSPhotoShowUITests.xctest; sourceTree = BUILT_PRODUCTS_DIR; };
		220519E81EF6B25900090A48 /* ZSPhotoShowUITests.m */ = {isa = PBXFileReference; lastKnownFileType = sourcecode.c.objc; path = ZSPhotoShowUITests.m; sourceTree = "<group>"; };
		220519EA1EF6B25900090A48 /* Info.plist */ = {isa = PBXFileReference; lastKnownFileType = text.plist.xml; path = Info.plist; sourceTree = "<group>"; };
/* End PBXFileReference section */

/* Begin PBXFrameworksBuildPhase section */
		220519BD1EF6B25800090A48 /* Frameworks */ = {
			isa = PBXFrameworksBuildPhase;
			buildActionMask = 2147483647;
			files = (
			);
			runOnlyForDeploymentPostprocessing = 0;
		};
		220519D61EF6B25900090A48 /* Frameworks */ = {
			isa = PBXFrameworksBuildPhase;
			buildActionMask = 2147483647;
			files = (
			);
			runOnlyForDeploymentPostprocessing = 0;
		};
		220519E11EF6B25900090A48 /* Frameworks */ = {
			isa = PBXFrameworksBuildPhase;
			buildActionMask = 2147483647;
			files = (
			);
			runOnlyForDeploymentPostprocessing = 0;
		};
/* End PBXFrameworksBuildPhase section */

/* Begin PBXGroup section */
		220519B71EF6B25800090A48 = {
			isa = PBXGroup;
			children = (
				220519C21EF6B25900090A48 /* ZSPhotoShow */,
				220519DC1EF6B25900090A48 /* ZSPhotoShowTests */,
				220519E71EF6B25900090A48 /* ZSPhotoShowUITests */,
				220519C11EF6B25900090A48 /* Products */,
			);
			sourceTree = "<group>";
		};
		220519C11EF6B25900090A48 /* Products */ = {
			isa = PBXGroup;
			children = (
				220519C01EF6B25900090A48 /* ZSPhotoShow.app */,
				220519D91EF6B25900090A48 /* ZSPhotoShowTests.xctest */,
				220519E41EF6B25900090A48 /* ZSPhotoShowUITests.xctest */,
			);
			name = Products;
			sourceTree = "<group>";
		};
		220519C21EF6B25900090A48 /* ZSPhotoShow */ = {
			isa = PBXGroup;
			children = (
				220519C61EF6B25900090A48 /* AppDelegate.h */,
				220519C71EF6B25900090A48 /* AppDelegate.m */,
				220519C91EF6B25900090A48 /* ViewController.h */,
				220519CA1EF6B25900090A48 /* ViewController.m */,
				220519CC1EF6B25900090A48 /* Main.storyboard */,
				220519CF1EF6B25900090A48 /* Assets.xcassets */,
				220519D11EF6B25900090A48 /* LaunchScreen.storyboard */,
				220519D41EF6B25900090A48 /* Info.plist */,
				220519C31EF6B25900090A48 /* Supporting Files */,
			);
			path = ZSPhotoShow;
			sourceTree = "<group>";
		};
		220519C31EF6B25900090A48 /* Supporting Files */ = {
			isa = PBXGroup;
			children = (
				220519C41EF6B25900090A48 /* main.m */,
			);
			name = "Supporting Files";
			sourceTree = "<group>";
		};
		220519DC1EF6B25900090A48 /* ZSPhotoShowTests */ = {
			isa = PBXGroup;
			children = (
				220519DD1EF6B25900090A48 /* ZSPhotoShowTests.m */,
				220519DF1EF6B25900090A48 /* Info.plist */,
			);
			path = ZSPhotoShowTests;
			sourceTree = "<group>";
		};
		220519E71EF6B25900090A48 /* ZSPhotoShowUITests */ = {
			isa = PBXGroup;
			children = (
				220519E81EF6B25900090A48 /* ZSPhotoShowUITests.m */,
				220519EA1EF6B25900090A48 /* Info.plist */,
			);
			path = ZSPhotoShowUITests;
			sourceTree = "<group>";
		};
/* End PBXGroup section */

/* Begin PBXNativeTarget section */
		220519BF1EF6B25800090A48 /* ZSPhotoShow */ = {
			isa = PBXNativeTarget;
			buildConfigurationList = 220519ED1EF6B25900090A48 /* Build configuration list for PBXNativeTarget "ZSPhotoShow" */;
			buildPhases = (
				220519BC1EF6B25800090A48 /* Sources */,
				220519BD1EF6B25800090A48 /* Frameworks */,
				220519BE1EF6B25800090A48 /* Resources */,
			);
			buildRules = (
			);
			dependencies = (
			);
			name = ZSPhotoShow;
			productName = ZSPhotoShow;
			productReference = 220519C01EF6B25900090A48 /* ZSPhotoShow.app */;
			productType = "com.apple.product-type.application";
		};
		220519D81EF6B25900090A48 /* ZSPhotoShowTests */ = {
			isa = PBXNativeTarget;
			buildConfigurationList = 220519F01EF6B25900090A48 /* Build configuration list for PBXNativeTarget "ZSPhotoShowTests" */;
			buildPhases = (
				220519D51EF6B25900090A48 /* Sources */,
				220519D61EF6B25900090A48 /* Frameworks */,
				220519D71EF6B25900090A48 /* Resources */,
			);
			buildRules = (
			);
			dependencies = (
				220519DB1EF6B25900090A48 /* PBXTargetDependency */,
			);
			name = ZSPhotoShowTests;
			productName = ZSPhotoShowTests;
			productReference = 220519D91EF6B25900090A48 /* ZSPhotoShowTests.xctest */;
			productType = "com.apple.product-type.bundle.unit-test";
		};
		220519E31EF6B25900090A48 /* ZSPhotoShowUITests */ = {
			isa = PBXNativeTarget;
			buildConfigurationList = 220519F31EF6B25900090A48 /* Build configuration list for PBXNativeTarget "ZSPhotoShowUITests" */;
			buildPhases = (
				220519E01EF6B25900090A48 /* Sources */,
				220519E11EF6B25900090A48 /* Frameworks */,
				220519E21EF6B25900090A48 /* Resources */,
			);
			buildRules = (
			);
			dependencies = (
				220519E61EF6B25900090A48 /* PBXTargetDependency */,
			);
			name = ZSPhotoShowUITests;
			productName = ZSPhotoShowUITests;
			productReference = 220519E41EF6B25900090A48 /* ZSPhotoShowUITests.xctest */;
			productType = "com.apple.product-type.bundle.ui-testing";
		};
/* End PBXNativeTarget section */

/* Begin PBXProject section */
		220519B81EF6B25800090A48 /* Project object */ = {
			isa = PBXProject;
			attributes = {
				LastUpgradeCheck = 0820;
				ORGANIZATIONNAME = shenshen;
				TargetAttributes = {
					220519BF1EF6B25800090A48 = {
						CreatedOnToolsVersion = 8.2;
						DevelopmentTeam = 42P7WD73SY;
						ProvisioningStyle = Automatic;
					};
					220519D81EF6B25900090A48 = {
						CreatedOnToolsVersion = 8.2;
						ProvisioningStyle = Automatic;
						TestTargetID = 220519BF1EF6B25800090A48;
					};
					220519E31EF6B25900090A48 = {
						CreatedOnToolsVersion = 8.2;
						ProvisioningStyle = Automatic;
						TestTargetID = 220519BF1EF6B25800090A48;
					};
				};
			};
			buildConfigurationList = 220519BB1EF6B25800090A48 /* Build configuration list for PBXProject "ZSPhotoShow" */;
			compatibilityVersion = "Xcode 3.2";
			developmentRegion = English;
			hasScannedForEncodings = 0;
			knownRegions = (
				en,
				Base,
			);
			mainGroup = 220519B71EF6B25800090A48;
			productRefGroup = 220519C11EF6B25900090A48 /* Products */;
			projectDirPath = "";
			projectRoot = "";
			targets = (
				220519BF1EF6B25800090A48 /* ZSPhotoShow */,
				220519D81EF6B25900090A48 /* ZSPhotoShowTests */,
				220519E31EF6B25900090A48 /* ZSPhotoShowUITests */,
			);
		};
/* End PBXProject section */

/* Begin PBXResourcesBuildPhase section */
		220519BE1EF6B25800090A48 /* Resources */ = {
			isa = PBXResourcesBuildPhase;
			buildActionMask = 2147483647;
			files = (
				220519D31EF6B25900090A48 /* LaunchScreen.storyboard in Resources */,
				220519D01EF6B25900090A48 /* Assets.xcassets in Resources */,
				220519CE1EF6B25900090A48 /* Main.storyboard in Resources */,
			);
			runOnlyForDeploymentPostprocessing = 0;
		};
		220519D71EF6B25900090A48 /* Resources */ = {
			isa = PBXResourcesBuildPhase;
			buildActionMask = 2147483647;
			files = (
			);
			runOnlyForDeploymentPostprocessing = 0;
		};
		220519E21EF6B25900090A48 /* Resources */ = {
			isa = PBXResourcesBuildPhase;
			buildActionMask = 2147483647;
			files = (
			);
			runOnlyForDeploymentPostprocessing = 0;
		};
/* End PBXResourcesBuildPhase section */

/* Begin PBXSourcesBuildPhase section */
		220519BC1EF6B25800090A48 /* Sources */ = {
			isa = PBXSourcesBuildPhase;
			buildActionMask = 2147483647;
			files = (
				220519CB1EF6B25900090A48 /* ViewController.m in Sources */,
				220519C81EF6B25900090A48 /* AppDelegate.m in Sources */,
				220519C51EF6B25900090A48 /* main.m in Sources */,
			);
			runOnlyForDeploymentPostprocessing = 0;
		};
		220519D51EF6B25900090A48 /* Sources */ = {
			isa = PBXSourcesBuildPhase;
			buildActionMask = 2147483647;
			files = (
				220519DE1EF6B25900090A48 /* ZSPhotoShowTests.m in Sources */,
			);
			runOnlyForDeploymentPostprocessing = 0;
		};
		220519E01EF6B25900090A48 /* Sources */ = {
			isa = PBXSourcesBuildPhase;
			buildActionMask = 2147483647;
			files = (
				220519E91EF6B25900090A48 /* ZSPhotoShowUITests.m in Sources */,
			);
			runOnlyForDeploymentPostprocessing = 0;
		};
/* End PBXSourcesBuildPhase section */

/* Begin PBXTargetDependency section */
		220519DB1EF6B25900090A48 /* PBXTargetDependency */ = {
			isa = PBXTargetDependency;
			target = 220519BF1EF6B25800090A48 /* ZSPhotoShow */;
			targetProxy = 220519DA1EF6B25900090A48 /* PBXContainerItemProxy */;
		};
		220519E61EF6B25900090A48 /* PBXTargetDependency */ = {
			isa = PBXTargetDependency;
			target = 220519BF1EF6B25800090A48 /* ZSPhotoShow */;
			targetProxy = 220519E51EF6B25900090A48 /* PBXContainerItemProxy */;
		};
/* End PBXTargetDependency section */

/* Begin PBXVariantGroup section */
		220519CC1EF6B25900090A48 /* Main.storyboard */ = {
			isa = PBXVariantGroup;
			children = (
				220519CD1EF6B25900090A48 /* Base */,
			);
			name = Main.storyboard;
			sourceTree = "<group>";
		};
		220519D11EF6B25900090A48 /* LaunchScreen.storyboard */ = {
			isa = PBXVariantGroup;
			children = (
				220519D21EF6B25900090A48 /* Base */,
			);
			name = LaunchScreen.storyboard;
			sourceTree = "<group>";
		};
/* End PBXVariantGroup section */

/* Begin XCBuildConfiguration section */
		220519EB1EF6B25900090A48 /* Debug */ = {
			isa = XCBuildConfiguration;
			buildSettings = {
				ALWAYS_SEARCH_USER_PATHS = NO;
				CLANG_ANALYZER_NONNULL = YES;
				CLANG_CXX_LANGUAGE_STANDARD = "gnu++0x";
				CLANG_CXX_LIBRARY = "libc++";
				CLANG_ENABLE_MODULES = YES;
				CLANG_ENABLE_OBJC_ARC = YES;
				CLANG_WARN_BOOL_CONVERSION = YES;
				CLANG_WARN_CONSTANT_CONVERSION = YES;
				CLANG_WARN_DIRECT_OBJC_ISA_USAGE = YES_ERROR;
				CLANG_WARN_DOCUMENTATION_COMMENTS = YES;
				CLANG_WARN_EMPTY_BODY = YES;
				CLANG_WARN_ENUM_CONVERSION = YES;
				CLANG_WARN_INFINITE_RECURSION = YES;
				CLANG_WARN_INT_CONVERSION = YES;
				CLANG_WARN_OBJC_ROOT_CLASS = YES_ERROR;
				CLANG_WARN_SUSPICIOUS_MOVE = YES;
				CLANG_WARN_UNREACHABLE_CODE = YES;
				CLANG_WARN__DUPLICATE_METHOD_MATCH = YES;
				"CODE_SIGN_IDENTITY[sdk=iphoneos*]" = "iPhone Developer";
				COPY_PHASE_STRIP = NO;
				DEBUG_INFORMATION_FORMAT = dwarf;
				ENABLE_STRICT_OBJC_MSGSEND = YES;
				ENABLE_TESTABILITY = YES;
				GCC_C_LANGUAGE_STANDARD = gnu99;
				GCC_DYNAMIC_NO_PIC = NO;
				GCC_NO_COMMON_BLOCKS = YES;
				GCC_OPTIMIZATION_LEVEL = 0;
				GCC_PREPROCESSOR_DEFINITIONS = (
					"DEBUG=1",
					"$(inherited)",
				);
				GCC_WARN_64_TO_32_BIT_CONVERSION = YES;
				GCC_WARN_ABOUT_RETURN_TYPE = YES_ERROR;
				GCC_WARN_UNDECLARED_SELECTOR = YES;
				GCC_WARN_UNINITIALIZED_AUTOS = YES_AGGRESSIVE;
				GCC_WARN_UNUSED_FUNCTION = YES;
				GCC_WARN_UNUSED_VARIABLE = YES;
				IPHONEOS_DEPLOYMENT_TARGET = 10.2;
				MTL_ENABLE_DEBUG_INFO = YES;
				ONLY_ACTIVE_ARCH = YES;
				SDKROOT = iphoneos;
			};
			name = Debug;
		};
		220519EC1EF6B25900090A48 /* Release */ = {
			isa = XCBuildConfiguration;
			buildSettings = {
				ALWAYS_SEARCH_USER_PATHS = NO;
				CLANG_ANALYZER_NONNULL = YES;
				CLANG_CXX_LANGUAGE_STANDARD = "gnu++0x";
				CLANG_CXX_LIBRARY = "libc++";
				CLANG_ENABLE_MODULES = YES;
				CLANG_ENABLE_OBJC_ARC = YES;
				CLANG_WARN_BOOL_CONVERSION = YES;
				CLANG_WARN_CONSTANT_CONVERSION = YES;
				CLANG_WARN_DIRECT_OBJC_ISA_USAGE = YES_ERROR;
				CLANG_WARN_DOCUMENTATION_COMMENTS = YES;
				CLANG_WARN_EMPTY_BODY = YES;
				CLANG_WARN_ENUM_CONVERSION = YES;
				CLANG_WARN_INFINITE_RECURSION = YES;
				CLANG_WARN_INT_CONVERSION = YES;
				CLANG_WARN_OBJC_ROOT_CLASS = YES_ERROR;
				CLANG_WARN_SUSPICIOUS_MOVE = YES;
				CLANG_WARN_UNREACHABLE_CODE = YES;
				CLANG_WARN__DUPLICATE_METHOD_MATCH = YES;
				"CODE_SIGN_IDENTITY[sdk=iphoneos*]" = "iPhone Developer";
				COPY_PHASE_STRIP = NO;
				DEBUG_INFORMATION_FORMAT = "dwarf-with-dsym";
				ENABLE_NS_ASSERTIONS = NO;
				ENABLE_STRICT_OBJC_MSGSEND = YES;
				GCC_C_LANGUAGE_STANDARD = gnu99;
				GCC_NO_COMMON_BLOCKS = YES;
				GCC_WARN_64_TO_32_BIT_CONVERSION = YES;
				GCC_WARN_ABOUT_RETURN_TYPE = YES_ERROR;
				GCC_WARN_UNDECLARED_SELECTOR = YES;
				GCC_WARN_UNINITIALIZED_AUTOS = YES_AGGRESSIVE;
				GCC_WARN_UNUSED_FUNCTION = YES;
				GCC_WARN_UNUSED_VARIABLE = YES;
				IPHONEOS_DEPLOYMENT_TARGET = 10.2;
				MTL_ENABLE_DEBUG_INFO = NO;
				SDKROOT = iphoneos;
				VALIDATE_PRODUCT = YES;
			};
			name = Release;
		};
		220519EE1EF6B25900090A48 /* Debug */ = {
			isa = XCBuildConfiguration;
			buildSettings = {
				ASSETCATALOG_COMPILER_APPICON_NAME = AppIcon;
				DEVELOPMENT_TEAM = 42P7WD73SY;
				INFOPLIST_FILE = ZSPhotoShow/Info.plist;
				IPHONEOS_DEPLOYMENT_TARGET = 8.0;
				LD_RUNPATH_SEARCH_PATHS = "$(inherited) @executable_path/Frameworks";
				PRODUCT_BUNDLE_IDENTIFIER = zss.ZSPhotoShow;
				PRODUCT_NAME = "$(TARGET_NAME)";
			};
			name = Debug;
		};
		220519EF1EF6B25900090A48 /* Release */ = {
			isa = XCBuildConfiguration;
			buildSettings = {
				ASSETCATALOG_COMPILER_APPICON_NAME = AppIcon;
				DEVELOPMENT_TEAM = 42P7WD73SY;
				INFOPLIST_FILE = ZSPhotoShow/Info.plist;
				IPHONEOS_DEPLOYMENT_TARGET = 8.0;
				LD_RUNPATH_SEARCH_PATHS = "$(inherited) @executable_path/Frameworks";
				PRODUCT_BUNDLE_IDENTIFIER = zss.ZSPhotoShow;
				PRODUCT_NAME = "$(TARGET_NAME)";
			};
			name = Release;
		};
		220519F11EF6B25900090A48 /* Debug */ = {
			isa = XCBuildConfiguration;
			buildSettings = {
				BUNDLE_LOADER = "$(TEST_HOST)";
				INFOPLIST_FILE = ZSPhotoShowTests/Info.plist;
				LD_RUNPATH_SEARCH_PATHS = "$(inherited) @executable_path/Frameworks @loader_path/Frameworks";
				PRODUCT_BUNDLE_IDENTIFIER = zss.ZSPhotoShowTests;
				PRODUCT_NAME = "$(TARGET_NAME)";
				TEST_HOST = "$(BUILT_PRODUCTS_DIR)/ZSPhotoShow.app/ZSPhotoShow";
			};
			name = Debug;
		};
		220519F21EF6B25900090A48 /* Release */ = {
			isa = XCBuildConfiguration;
			buildSettings = {
				BUNDLE_LOADER = "$(TEST_HOST)";
				INFOPLIST_FILE = ZSPhotoShowTests/Info.plist;
				LD_RUNPATH_SEARCH_PATHS = "$(inherited) @executable_path/Frameworks @loader_path/Frameworks";
				PRODUCT_BUNDLE_IDENTIFIER = zss.ZSPhotoShowTests;
				PRODUCT_NAME = "$(TARGET_NAME)";
				TEST_HOST = "$(BUILT_PRODUCTS_DIR)/ZSPhotoShow.app/ZSPhotoShow";
			};
			name = Release;
		};
		220519F41EF6B25900090A48 /* Debug */ = {
			isa = XCBuildConfiguration;
			buildSettings = {
				INFOPLIST_FILE = ZSPhotoShowUITests/Info.plist;
				LD_RUNPATH_SEARCH_PATHS = "$(inherited) @executable_path/Frameworks @loader_path/Frameworks";
				PRODUCT_BUNDLE_IDENTIFIER = zss.ZSPhotoShowUITests;
				PRODUCT_NAME = "$(TARGET_NAME)";
				TEST_TARGET_NAME = ZSPhotoShow;
			};
			name = Debug;
		};
		220519F51EF6B25900090A48 /* Release */ = {
			isa = XCBuildConfiguration;
			buildSettings = {
				INFOPLIST_FILE = ZSPhotoShowUITests/Info.plist;
				LD_RUNPATH_SEARCH_PATHS = "$(inherited) @executable_path/Frameworks @loader_path/Frameworks";
				PRODUCT_BUNDLE_IDENTIFIER = zss.ZSPhotoShowUITests;
				PRODUCT_NAME = "$(TARGET_NAME)";
				TEST_TARGET_NAME = ZSPhotoShow;
			};
			name = Release;
		};
/* End XCBuildConfiguration section */

/* Begin XCConfigurationList section */
		220519BB1EF6B25800090A48 /* Build configuration list for PBXProject "ZSPhotoShow" */ = {
			isa = XCConfigurationList;
			buildConfigurations = (
				220519EB1EF6B25900090A48 /* Debug */,
				220519EC1EF6B25900090A48 /* Release */,
			);
			defaultConfigurationIsVisible = 0;
			defaultConfigurationName = Release;
		};
		220519ED1EF6B25900090A48 /* Build configuration list for PBXNativeTarget "ZSPhotoShow" */ = {
			isa = XCConfigurationList;
			buildConfigurations = (
				220519EE1EF6B25900090A48 /* Debug */,
				220519EF1EF6B25900090A48 /* Release */,
			);
			defaultConfigurationIsVisible = 0;
		};
		220519F01EF6B25900090A48 /* Build configuration list for PBXNativeTarget "ZSPhotoShowTests" */ = {
			isa = XCConfigurationList;
			buildConfigurations = (
				220519F11EF6B25900090A48 /* Debug */,
				220519F21EF6B25900090A48 /* Release */,
			);
			defaultConfigurationIsVisible = 0;
		};
		220519F31EF6B25900090A48 /* Build configuration list for PBXNativeTarget "ZSPhotoShowUITests" */ = {
			isa = XCConfigurationList;
			buildConfigurations = (
				220519F41EF6B25900090A48 /* Debug */,
				220519F51EF6B25900090A48 /* Release */,
			);
			defaultConfigurationIsVisible = 0;
		};
/* End XCConfigurationList section */
	};
	rootObject = 220519B81EF6B25800090A48 /* Project object */;
}
